
Microsoft Visual Studio Solution File, Format Version 12.00
# Visual Studio Version 16
VisualStudioVersion = 16.0.31702.278
MinimumVisualStudioVersion = 10.0.40219.1
Project("{FAE04EC0-301F-11D3-BF4B-00C04F79EFBC}") = "WindowsFormsApp6", "WindowsFormsApp6\WindowsFormsApp6.csproj", "{D7BDF1FD-2DE8-4CB7-A4A6-83A4012B30CF}"
EndProject
Global
	GlobalSection(SolutionConfigurationPlatforms) = preSolution
		Debug|Any CPU = Debug|Any CPU
		Release|Any CPU = Release|Any CPU
	EndGlobalSection
	GlobalSection(ProjectConfigurationPlatforms) = postSolution
		{D7BDF1FD-2DE8-4CB7-A4A6-83A4012B30CF}.Debug|Any CPU.ActiveCfg = Debug|Any CPU
		{D7BDF1FD-2DE8-4CB7-A4A6-83A4012B30CF}.Debug|Any CPU.Build.0 = Debug|Any CPU
		{D7BDF1FD-2DE8-4CB7-A4A6-83A4012B30CF}.Release|Any CPU.ActiveCfg = Release|Any CPU
		{D7BDF1FD-2DE8-4CB7-A4A6-83A4012B30CF}.Release|Any CPU.Build.0 = Release|Any CPU
	EndGlobalSection
	GlobalSection(SolutionProperties) = preSolution
		HideSolutionNode = FALSE
	EndGlobalSection
	GlobalSection(ExtensibilityGlobals) = postSolution
		SolutionGuid = {24BA5EF5-A383-4ACF-A590-BA747AF314E6}
	EndGlobalSection
EndGlobal
